// !$*UTF8*$!
{
	archiveVersion = 1;
	classes = {
	};
	objectVersion = 56;
	objects = {

/* Begin PBXBuildFile section */
		D10A2A812AD68EC400965394 /* UsersListTVC.swift in Sources */ = {isa = PBXBuildFile; fileRef = D10A2A802AD68EC400965394 /* UsersListTVC.swift */; };
		D10A2A832AD68F3200965394 /* UserModel.swift in Sources */ = {isa = PBXBuildFile; fileRef = D10A2A822AD68F3200965394 /* UserModel.swift */; };
		D10A2A852AD6D33300965394 /* ApiConstants.swift in Sources */ = {isa = PBXBuildFile; fileRef = D10A2A842AD6D33300965394 /* ApiConstants.swift */; };
		D10A2A882AD7B6AF00965394 /* UserDetailVC.swift in Sources */ = {isa = PBXBuildFile; fileRef = D10A2A872AD7B6AF00965394 /* UserDetailVC.swift */; };
		D1163D452ADA967E0038A413 /* PostsFlow.storyboard in Resources */ = {isa = PBXBuildFile; fileRef = D1163D442ADA967E0038A413 /* PostsFlow.storyboard */; };
		D1163D472ADA96920038A413 /* AlbumsFlow.storyboard in Resources */ = {isa = PBXBuildFile; fileRef = D1163D462ADA96920038A413 /* AlbumsFlow.storyboard */; };
		D1163D492ADA96B20038A413 /* ToDoFlow.storyboard in Resources */ = {isa = PBXBuildFile; fileRef = D1163D482ADA96B20038A413 /* ToDoFlow.storyboard */; };
		D1163D4E2ADA9A2B0038A413 /* PostsListTVC.swift in Sources */ = {isa = PBXBuildFile; fileRef = D1163D4D2ADA9A2B0038A413 /* PostsListTVC.swift */; };
		D1163D502ADBE2200038A413 /* PostModel.swift in Sources */ = {isa = PBXBuildFile; fileRef = D1163D4F2ADBE2200038A413 /* PostModel.swift */; };
		D1163D532ADD9B540038A413 /* NetworkService.swift in Sources */ = {isa = PBXBuildFile; fileRef = D1163D522ADD9B540038A413 /* NetworkService.swift */; };
		D1163D552ADD9EE70038A413 /* NewPostVC.swift in Sources */ = {isa = PBXBuildFile; fileRef = D1163D542ADD9EE70038A413 /* NewPostVC.swift */; };
		D1163D582ADDAE800038A413 /* SwiftyJSON in Frameworks */ = {isa = PBXBuildFile; productRef = D1163D572ADDAE800038A413 /* SwiftyJSON */; };
		D1163D5B2ADDB27C0038A413 /* Alamofire in Frameworks */ = {isa = PBXBuildFile; productRef = D1163D5A2ADDB27C0038A413 /* Alamofire */; };
		D1163D5E2ADDC5BD0038A413 /* NewUserVC.swift in Sources */ = {isa = PBXBuildFile; fileRef = D1163D5D2ADDC5BD0038A413 /* NewUserVC.swift */; };
		D19C8C442AE0E9FB001701E6 /* CommentModel.swift in Sources */ = {isa = PBXBuildFile; fileRef = D19C8C432AE0E9FB001701E6 /* CommentModel.swift */; };
		D19C8C482AE0EA89001701E6 /* CommentsTVC.swift in Sources */ = {isa = PBXBuildFile; fileRef = D19C8C472AE0EA89001701E6 /* CommentsTVC.swift */; };
		D19C8C4A2AE0FDF0001701E6 /* NewCommentVC.swift in Sources */ = {isa = PBXBuildFile; fileRef = D19C8C492AE0FDF0001701E6 /* NewCommentVC.swift */; };
		D19C8C4F2AE10DCF001701E6 /* ToDoListTVC.swift in Sources */ = {isa = PBXBuildFile; fileRef = D19C8C4E2AE10DCF001701E6 /* ToDoListTVC.swift */; };
		D19C8C512AE10F57001701E6 /* ToDoModel.swift in Sources */ = {isa = PBXBuildFile; fileRef = D19C8C502AE10F57001701E6 /* ToDoModel.swift */; };
		D19C8C532AE1155C001701E6 /* NewToDo.swift in Sources */ = {isa = PBXBuildFile; fileRef = D19C8C522AE1155B001701E6 /* NewToDo.swift */; };
		D19C8C572AE11E4D001701E6 /* AlbumsTVC.swift in Sources */ = {isa = PBXBuildFile; fileRef = D19C8C562AE11E4D001701E6 /* AlbumsTVC.swift */; };
		D19C8C592AE11EC0001701E6 /* AlbumModel.swift in Sources */ = {isa = PBXBuildFile; fileRef = D19C8C582AE11EC0001701E6 /* AlbumModel.swift */; };
		D19C8C5B2AE11F4D001701E6 /* PhotoModel.swift in Sources */ = {isa = PBXBuildFile; fileRef = D19C8C5A2AE11F4D001701E6 /* PhotoModel.swift */; };
		D19C8C5E2AE129A8001701E6 /* PhotosCVC.swift in Sources */ = {isa = PBXBuildFile; fileRef = D19C8C5D2AE129A8001701E6 /* PhotosCVC.swift */; };
		D19C8C622AE12D6F001701E6 /* PhotosCVCell.swift in Sources */ = {isa = PBXBuildFile; fileRef = D19C8C602AE12D6F001701E6 /* PhotosCVCell.swift */; };
		D19C8C632AE12D6F001701E6 /* PhotosCVCell.xib in Resources */ = {isa = PBXBuildFile; fileRef = D19C8C612AE12D6F001701E6 /* PhotosCVCell.xib */; };
		D19C8C662AE1321A001701E6 /* AlamofireImage in Frameworks */ = {isa = PBXBuildFile; productRef = D19C8C652AE1321A001701E6 /* AlamofireImage */; };
		D19C8C682AE142C3001701E6 /* DetailPhotoVC.swift in Sources */ = {isa = PBXBuildFile; fileRef = D19C8C672AE142C3001701E6 /* DetailPhotoVC.swift */; };
		D19C8C6A2AE148B8001701E6 /* NewAlbumVC.swift in Sources */ = {isa = PBXBuildFile; fileRef = D19C8C692AE148B8001701E6 /* NewAlbumVC.swift */; };
		D1EFD8A62AD016D9009B0044 /* AppDelegate.swift in Sources */ = {isa = PBXBuildFile; fileRef = D1EFD8A52AD016D9009B0044 /* AppDelegate.swift */; };
		D1EFD8A82AD016D9009B0044 /* SceneDelegate.swift in Sources */ = {isa = PBXBuildFile; fileRef = D1EFD8A72AD016D9009B0044 /* SceneDelegate.swift */; };
		D1EFD8AD2AD016D9009B0044 /* MainFlow.storyboard in Resources */ = {isa = PBXBuildFile; fileRef = D1EFD8AB2AD016D9009B0044 /* MainFlow.storyboard */; };
		D1EFD8AF2AD016DA009B0044 /* Assets.xcassets in Resources */ = {isa = PBXBuildFile; fileRef = D1EFD8AE2AD016DA009B0044 /* Assets.xcassets */; };
		D1EFD8B22AD016DA009B0044 /* LaunchScreen.storyboard in Resources */ = {isa = PBXBuildFile; fileRef = D1EFD8B02AD016DA009B0044 /* LaunchScreen.storyboard */; };
		D1EFD8C02AD01F71009B0044 /* UserActions.swift in Sources */ = {isa = PBXBuildFile; fileRef = D1EFD8BF2AD01F71009B0044 /* UserActions.swift */; };
		D1EFD8C22AD01FD5009B0044 /* CollectionVC.swift in Sources */ = {isa = PBXBuildFile; fileRef = D1EFD8C12AD01FD5009B0044 /* CollectionVC.swift */; };
		D1EFD8C42AD02203009B0044 /* ActionsCVCell.swift in Sources */ = {isa = PBXBuildFile; fileRef = D1EFD8C32AD02203009B0044 /* ActionsCVCell.swift */; };
		D1EFD8C62AD0264E009B0044 /* CollectionVCExt.swift in Sources */ = {isa = PBXBuildFile; fileRef = D1EFD8C52AD0264E009B0044 /* CollectionVCExt.swift */; };
		D1EFD8CA2AD02CA6009B0044 /* ImageVC.swift in Sources */ = {isa = PBXBuildFile; fileRef = D1EFD8C92AD02CA6009B0044 /* ImageVC.swift */; };
		D1EFD8CC2AD03B00009B0044 /* ImagesURL.swift in Sources */ = {isa = PBXBuildFile; fileRef = D1EFD8CB2AD03B00009B0044 /* ImagesURL.swift */; };
/* End PBXBuildFile section */

/* Begin PBXFileReference section */
		D10A2A802AD68EC400965394 /* UsersListTVC.swift */ = {isa = PBXFileReference; lastKnownFileType = sourcecode.swift; path = UsersListTVC.swift; sourceTree = "<group>"; };
		D10A2A822AD68F3200965394 /* UserModel.swift */ = {isa = PBXFileReference; lastKnownFileType = sourcecode.swift; path = UserModel.swift; sourceTree = "<group>"; };
		D10A2A842AD6D33300965394 /* ApiConstants.swift */ = {isa = PBXFileReference; lastKnownFileType = sourcecode.swift; path = ApiConstants.swift; sourceTree = "<group>"; };
		D10A2A872AD7B6AF00965394 /* UserDetailVC.swift */ = {isa = PBXFileReference; lastKnownFileType = sourcecode.swift; path = UserDetailVC.swift; sourceTree = "<group>"; };
		D1163D442ADA967E0038A413 /* PostsFlow.storyboard */ = {isa = PBXFileReference; lastKnownFileType = file.storyboard; path = PostsFlow.storyboard; sourceTree = "<group>"; };
		D1163D462ADA96920038A413 /* AlbumsFlow.storyboard */ = {isa = PBXFileReference; lastKnownFileType = file.storyboard; path = AlbumsFlow.storyboard; sourceTree = "<group>"; };
		D1163D482ADA96B20038A413 /* ToDoFlow.storyboard */ = {isa = PBXFileReference; lastKnownFileType = file.storyboard; path = ToDoFlow.storyboard; sourceTree = "<group>"; };
		D1163D4D2ADA9A2B0038A413 /* PostsListTVC.swift */ = {isa = PBXFileReference; lastKnownFileType = sourcecode.swift; path = PostsListTVC.swift; sourceTree = "<group>"; };
		D1163D4F2ADBE2200038A413 /* PostModel.swift */ = {isa = PBXFileReference; lastKnownFileType = sourcecode.swift; path = PostModel.swift; sourceTree = "<group>"; };
		D1163D522ADD9B540038A413 /* NetworkService.swift */ = {isa = PBXFileReference; lastKnownFileType = sourcecode.swift; path = NetworkService.swift; sourceTree = "<group>"; };
		D1163D542ADD9EE70038A413 /* NewPostVC.swift */ = {isa = PBXFileReference; lastKnownFileType = sourcecode.swift; path = NewPostVC.swift; sourceTree = "<group>"; };
		D1163D5D2ADDC5BD0038A413 /* NewUserVC.swift */ = {isa = PBXFileReference; lastKnownFileType = sourcecode.swift; path = NewUserVC.swift; sourceTree = "<group>"; };
		D19C8C432AE0E9FB001701E6 /* CommentModel.swift */ = {isa = PBXFileReference; lastKnownFileType = sourcecode.swift; path = CommentModel.swift; sourceTree = "<group>"; };
		D19C8C472AE0EA89001701E6 /* CommentsTVC.swift */ = {isa = PBXFileReference; lastKnownFileType = sourcecode.swift; path = CommentsTVC.swift; sourceTree = "<group>"; };
		D19C8C492AE0FDF0001701E6 /* NewCommentVC.swift */ = {isa = PBXFileReference; lastKnownFileType = sourcecode.swift; path = NewCommentVC.swift; sourceTree = "<group>"; };
		D19C8C4E2AE10DCF001701E6 /* ToDoListTVC.swift */ = {isa = PBXFileReference; lastKnownFileType = sourcecode.swift; path = ToDoListTVC.swift; sourceTree = "<group>"; };
		D19C8C502AE10F57001701E6 /* ToDoModel.swift */ = {isa = PBXFileReference; lastKnownFileType = sourcecode.swift; path = ToDoModel.swift; sourceTree = "<group>"; };
		D19C8C522AE1155B001701E6 /* NewToDo.swift */ = {isa = PBXFileReference; lastKnownFileType = sourcecode.swift; path = NewToDo.swift; sourceTree = "<group>"; };
		D19C8C562AE11E4D001701E6 /* AlbumsTVC.swift */ = {isa = PBXFileReference; lastKnownFileType = sourcecode.swift; path = AlbumsTVC.swift; sourceTree = "<group>"; };
		D19C8C582AE11EC0001701E6 /* AlbumModel.swift */ = {isa = PBXFileReference; lastKnownFileType = sourcecode.swift; path = AlbumModel.swift; sourceTree = "<group>"; };
		D19C8C5A2AE11F4D001701E6 /* PhotoModel.swift */ = {isa = PBXFileReference; lastKnownFileType = sourcecode.swift; path = PhotoModel.swift; sourceTree = "<group>"; };
		D19C8C5D2AE129A8001701E6 /* PhotosCVC.swift */ = {isa = PBXFileReference; lastKnownFileType = sourcecode.swift; path = PhotosCVC.swift; sourceTree = "<group>"; };
		D19C8C602AE12D6F001701E6 /* PhotosCVCell.swift */ = {isa = PBXFileReference; lastKnownFileType = sourcecode.swift; path = PhotosCVCell.swift; sourceTree = "<group>"; };
		D19C8C612AE12D6F001701E6 /* PhotosCVCell.xib */ = {isa = PBXFileReference; lastKnownFileType = file.xib; path = PhotosCVCell.xib; sourceTree = "<group>"; };
		D19C8C672AE142C3001701E6 /* DetailPhotoVC.swift */ = {isa = PBXFileReference; lastKnownFileType = sourcecode.swift; path = DetailPhotoVC.swift; sourceTree = "<group>"; };
		D19C8C692AE148B8001701E6 /* NewAlbumVC.swift */ = {isa = PBXFileReference; lastKnownFileType = sourcecode.swift; path = NewAlbumVC.swift; sourceTree = "<group>"; };
		D1EFD8A22AD016D9009B0044 /* RestAPI.app */ = {isa = PBXFileReference; explicitFileType = wrapper.application; includeInIndex = 0; path = RestAPI.app; sourceTree = BUILT_PRODUCTS_DIR; };
		D1EFD8A52AD016D9009B0044 /* AppDelegate.swift */ = {isa = PBXFileReference; lastKnownFileType = sourcecode.swift; path = AppDelegate.swift; sourceTree = "<group>"; };
		D1EFD8A72AD016D9009B0044 /* SceneDelegate.swift */ = {isa = PBXFileReference; lastKnownFileType = sourcecode.swift; path = SceneDelegate.swift; sourceTree = "<group>"; };
		D1EFD8AC2AD016D9009B0044 /* Base */ = {isa = PBXFileReference; lastKnownFileType = file.storyboard; name = Base; path = Base.lproj/MainFlow.storyboard; sourceTree = "<group>"; };
		D1EFD8AE2AD016DA009B0044 /* Assets.xcassets */ = {isa = PBXFileReference; lastKnownFileType = folder.assetcatalog; path = Assets.xcassets; sourceTree = "<group>"; };
		D1EFD8B12AD016DA009B0044 /* Base */ = {isa = PBXFileReference; lastKnownFileType = file.storyboard; name = Base; path = Base.lproj/LaunchScreen.storyboard; sourceTree = "<group>"; };
		D1EFD8B32AD016DA009B0044 /* Info.plist */ = {isa = PBXFileReference; lastKnownFileType = text.plist.xml; path = Info.plist; sourceTree = "<group>"; };
		D1EFD8BF2AD01F71009B0044 /* UserActions.swift */ = {isa = PBXFileReference; lastKnownFileType = sourcecode.swift; path = UserActions.swift; sourceTree = "<group>"; };
		D1EFD8C12AD01FD5009B0044 /* CollectionVC.swift */ = {isa = PBXFileReference; lastKnownFileType = sourcecode.swift; path = CollectionVC.swift; sourceTree = "<group>"; };
		D1EFD8C32AD02203009B0044 /* ActionsCVCell.swift */ = {isa = PBXFileReference; lastKnownFileType = sourcecode.swift; path = ActionsCVCell.swift; sourceTree = "<group>"; };
		D1EFD8C52AD0264E009B0044 /* CollectionVCExt.swift */ = {isa = PBXFileReference; lastKnownFileType = sourcecode.swift; path = CollectionVCExt.swift; sourceTree = "<group>"; };
		D1EFD8C92AD02CA6009B0044 /* ImageVC.swift */ = {isa = PBXFileReference; lastKnownFileType = sourcecode.swift; path = ImageVC.swift; sourceTree = "<group>"; };
		D1EFD8CB2AD03B00009B0044 /* ImagesURL.swift */ = {isa = PBXFileReference; lastKnownFileType = sourcecode.swift; path = ImagesURL.swift; sourceTree = "<group>"; };
/* End PBXFileReference section */

/* Begin PBXFrameworksBuildPhase section */
		D1EFD89F2AD016D9009B0044 /* Frameworks */ = {
			isa = PBXFrameworksBuildPhase;
			buildActionMask = 2147483647;
			files = (
				D1163D582ADDAE800038A413 /* SwiftyJSON in Frameworks */,
				D1163D5B2ADDB27C0038A413 /* Alamofire in Frameworks */,
				D19C8C662AE1321A001701E6 /* AlamofireImage in Frameworks */,
			);
			runOnlyForDeploymentPostprocessing = 0;
		};
/* End PBXFrameworksBuildPhase section */

/* Begin PBXGroup section */
		D10A2A7F2AD68EA400965394 /* UsersList */ = {
			isa = PBXGroup;
			children = (
				D10A2A802AD68EC400965394 /* UsersListTVC.swift */,
			);
			path = UsersList;
			sourceTree = "<group>";
		};
		D10A2A862AD7B68D00965394 /* UserDetail */ = {
			isa = PBXGroup;
			children = (
				D10A2A872AD7B6AF00965394 /* UserDetailVC.swift */,
			);
			path = UserDetail;
			sourceTree = "<group>";
		};
		D1163D4A2ADA98C30038A413 /* MainFlow */ = {
			isa = PBXGroup;
			children = (
				D1EFD8C72AD02C6E009B0044 /* ActionsCollection */,
				D1EFD8C82AD02C82009B0044 /* ImageView */,
				D10A2A7F2AD68EA400965394 /* UsersList */,
				D1163D5C2ADDC5A30038A413 /* NewUser */,
				D10A2A862AD7B68D00965394 /* UserDetail */,
			);
			path = MainFlow;
			sourceTree = "<group>";
		};
		D1163D4C2ADA98F40038A413 /* PostsFlow */ = {
			isa = PBXGroup;
			children = (
				D19C8C452AE0EA4D001701E6 /* Posts */,
				D19C8C462AE0EA58001701E6 /* Comments */,
			);
			path = PostsFlow;
			sourceTree = "<group>";
		};
		D1163D512ADD9B220038A413 /* Services */ = {
			isa = PBXGroup;
			children = (
				D1163D522ADD9B540038A413 /* NetworkService.swift */,
			);
			path = Services;
			sourceTree = "<group>";
		};
		D1163D5C2ADDC5A30038A413 /* NewUser */ = {
			isa = PBXGroup;
			children = (
				D1163D5D2ADDC5BD0038A413 /* NewUserVC.swift */,
			);
			path = NewUser;
			sourceTree = "<group>";
		};
		D19C8C452AE0EA4D001701E6 /* Posts */ = {
			isa = PBXGroup;
			children = (
				D1163D4D2ADA9A2B0038A413 /* PostsListTVC.swift */,
				D1163D542ADD9EE70038A413 /* NewPostVC.swift */,
			);
			path = Posts;
			sourceTree = "<group>";
		};
		D19C8C462AE0EA58001701E6 /* Comments */ = {
			isa = PBXGroup;
			children = (
				D19C8C472AE0EA89001701E6 /* CommentsTVC.swift */,
				D19C8C492AE0FDF0001701E6 /* NewCommentVC.swift */,
			);
			path = Comments;
			sourceTree = "<group>";
		};
		D19C8C4C2AE10B6C001701E6 /* ToDoFlow */ = {
			isa = PBXGroup;
			children = (
				D19C8C4D2AE10B94001701E6 /* ToDo-s */,
			);
			path = ToDoFlow;
			sourceTree = "<group>";
		};
		D19C8C4D2AE10B94001701E6 /* ToDo-s */ = {
			isa = PBXGroup;
			children = (
				D19C8C4E2AE10DCF001701E6 /* ToDoListTVC.swift */,
				D19C8C522AE1155B001701E6 /* NewToDo.swift */,
			);
			path = "ToDo-s";
			sourceTree = "<group>";
		};
		D19C8C542AE11E13001701E6 /* AlbumsFlow */ = {
			isa = PBXGroup;
			children = (
				D19C8C552AE11E32001701E6 /* Albums */,
				D19C8C5C2AE12977001701E6 /* Photos */,
			);
			path = AlbumsFlow;
			sourceTree = "<group>";
		};
		D19C8C552AE11E32001701E6 /* Albums */ = {
			isa = PBXGroup;
			children = (
				D19C8C562AE11E4D001701E6 /* AlbumsTVC.swift */,
				D19C8C692AE148B8001701E6 /* NewAlbumVC.swift */,
			);
			path = Albums;
			sourceTree = "<group>";
		};
		D19C8C5C2AE12977001701E6 /* Photos */ = {
			isa = PBXGroup;
			children = (
				D19C8C5D2AE129A8001701E6 /* PhotosCVC.swift */,
				D19C8C5F2AE12D4E001701E6 /* Cell */,
				D19C8C672AE142C3001701E6 /* DetailPhotoVC.swift */,
			);
			path = Photos;
			sourceTree = "<group>";
		};
		D19C8C5F2AE12D4E001701E6 /* Cell */ = {
			isa = PBXGroup;
			children = (
				D19C8C602AE12D6F001701E6 /* PhotosCVCell.swift */,
				D19C8C612AE12D6F001701E6 /* PhotosCVCell.xib */,
			);
			path = Cell;
			sourceTree = "<group>";
		};
		D1EFD8992AD016D9009B0044 = {
			isa = PBXGroup;
			children = (
				D1EFD8A42AD016D9009B0044 /* RestAPI */,
				D1EFD8A32AD016D9009B0044 /* Products */,
			);
			sourceTree = "<group>";
		};
		D1EFD8A32AD016D9009B0044 /* Products */ = {
			isa = PBXGroup;
			children = (
				D1EFD8A22AD016D9009B0044 /* RestAPI.app */,
			);
			name = Products;
			sourceTree = "<group>";
		};
		D1EFD8A42AD016D9009B0044 /* RestAPI */ = {
			isa = PBXGroup;
			children = (
				D1163D512ADD9B220038A413 /* Services */,
				D1EFD8BE2AD01F28009B0044 /* Extensions */,
				D1EFD8BC2AD01F08009B0044 /* Models */,
				D1EFD8BA2AD01741009B0044 /* Views */,
				D1EFD8BD2AD01F19009B0044 /* Controllers */,
				D1EFD8BB2AD01EFA009B0044 /* Assets */,
				D1EFD8B92AD01732009B0044 /* App */,
				D1EFD8B32AD016DA009B0044 /* Info.plist */,
			);
			path = RestAPI;
			sourceTree = "<group>";
		};
		D1EFD8B92AD01732009B0044 /* App */ = {
			isa = PBXGroup;
			children = (
				D1EFD8A52AD016D9009B0044 /* AppDelegate.swift */,
				D1EFD8A72AD016D9009B0044 /* SceneDelegate.swift */,
			);
			path = App;
			sourceTree = "<group>";
		};
		D1EFD8BA2AD01741009B0044 /* Views */ = {
			isa = PBXGroup;
			children = (
				D1EFD8AB2AD016D9009B0044 /* MainFlow.storyboard */,
				D1163D442ADA967E0038A413 /* PostsFlow.storyboard */,
				D1163D462ADA96920038A413 /* AlbumsFlow.storyboard */,
				D1163D482ADA96B20038A413 /* ToDoFlow.storyboard */,
				D1EFD8B02AD016DA009B0044 /* LaunchScreen.storyboard */,
			);
			path = Views;
			sourceTree = "<group>";
		};
		D1EFD8BB2AD01EFA009B0044 /* Assets */ = {
			isa = PBXGroup;
			children = (
				D1EFD8AE2AD016DA009B0044 /* Assets.xcassets */,
			);
			path = Assets;
			sourceTree = "<group>";
		};
		D1EFD8BC2AD01F08009B0044 /* Models */ = {
			isa = PBXGroup;
			children = (
				D10A2A842AD6D33300965394 /* ApiConstants.swift */,
				D1EFD8CB2AD03B00009B0044 /* ImagesURL.swift */,
				D1EFD8BF2AD01F71009B0044 /* UserActions.swift */,
				D10A2A822AD68F3200965394 /* UserModel.swift */,
				D1163D4F2ADBE2200038A413 /* PostModel.swift */,
				D19C8C432AE0E9FB001701E6 /* CommentModel.swift */,
				D19C8C582AE11EC0001701E6 /* AlbumModel.swift */,
				D19C8C5A2AE11F4D001701E6 /* PhotoModel.swift */,
				D19C8C502AE10F57001701E6 /* ToDoModel.swift */,
			);
			path = Models;
			sourceTree = "<group>";
		};
		D1EFD8BD2AD01F19009B0044 /* Controllers */ = {
			isa = PBXGroup;
			children = (
				D1163D4A2ADA98C30038A413 /* MainFlow */,
				D1163D4C2ADA98F40038A413 /* PostsFlow */,
				D19C8C542AE11E13001701E6 /* AlbumsFlow */,
				D19C8C4C2AE10B6C001701E6 /* ToDoFlow */,
			);
			path = Controllers;
			sourceTree = "<group>";
		};
		D1EFD8BE2AD01F28009B0044 /* Extensions */ = {
			isa = PBXGroup;
			children = (
				D1EFD8C52AD0264E009B0044 /* CollectionVCExt.swift */,
			);
			path = Extensions;
			sourceTree = "<group>";
		};
		D1EFD8C72AD02C6E009B0044 /* ActionsCollection */ = {
			isa = PBXGroup;
			children = (
				D1EFD8C12AD01FD5009B0044 /* CollectionVC.swift */,
				D1EFD8C32AD02203009B0044 /* ActionsCVCell.swift */,
			);
			path = ActionsCollection;
			sourceTree = "<group>";
		};
		D1EFD8C82AD02C82009B0044 /* ImageView */ = {
			isa = PBXGroup;
			children = (
				D1EFD8C92AD02CA6009B0044 /* ImageVC.swift */,
			);
			path = ImageView;
			sourceTree = "<group>";
		};
/* End PBXGroup section */

/* Begin PBXNativeTarget section */
		D1EFD8A12AD016D9009B0044 /* RestAPI */ = {
			isa = PBXNativeTarget;
			buildConfigurationList = D1EFD8B62AD016DA009B0044 /* Build configuration list for PBXNativeTarget "RestAPI" */;
			buildPhases = (
				D1EFD89E2AD016D9009B0044 /* Sources */,
				D1EFD89F2AD016D9009B0044 /* Frameworks */,
				D1EFD8A02AD016D9009B0044 /* Resources */,
			);
			buildRules = (
			);
			dependencies = (
			);
			name = RestAPI;
			packageProductDependencies = (
				D1163D572ADDAE800038A413 /* SwiftyJSON */,
				D1163D5A2ADDB27C0038A413 /* Alamofire */,
				D19C8C652AE1321A001701E6 /* AlamofireImage */,
			);
			productName = RestAPI;
			productReference = D1EFD8A22AD016D9009B0044 /* RestAPI.app */;
			productType = "com.apple.product-type.application";
		};
/* End PBXNativeTarget section */

/* Begin PBXProject section */
		D1EFD89A2AD016D9009B0044 /* Project object */ = {
			isa = PBXProject;
			attributes = {
				BuildIndependentTargetsInParallel = 1;
				LastSwiftUpdateCheck = 1430;
				LastUpgradeCheck = 1430;
				TargetAttributes = {
					D1EFD8A12AD016D9009B0044 = {
						CreatedOnToolsVersion = 14.3.1;
					};
				};
			};
			buildConfigurationList = D1EFD89D2AD016D9009B0044 /* Build configuration list for PBXProject "RestAPI" */;
			compatibilityVersion = "Xcode 14.0";
			developmentRegion = en;
			hasScannedForEncodings = 0;
			knownRegions = (
				en,
				Base,
			);
			mainGroup = D1EFD8992AD016D9009B0044;
			packageReferences = (
				D1163D562ADDAE800038A413 /* XCRemoteSwiftPackageReference "SwiftyJSON" */,
				D1163D592ADDB27C0038A413 /* XCRemoteSwiftPackageReference "Alamofire" */,
				D19C8C642AE1321A001701E6 /* XCRemoteSwiftPackageReference "AlamofireImage" */,
			);
			productRefGroup = D1EFD8A32AD016D9009B0044 /* Products */;
			projectDirPath = "";
			projectRoot = "";
			targets = (
				D1EFD8A12AD016D9009B0044 /* RestAPI */,
			);
		};
/* End PBXProject section */

/* Begin PBXResourcesBuildPhase section */
		D1EFD8A02AD016D9009B0044 /* Resources */ = {
			isa = PBXResourcesBuildPhase;
			buildActionMask = 2147483647;
			files = (
				D1163D492ADA96B20038A413 /* ToDoFlow.storyboard in Resources */,
				D1163D452ADA967E0038A413 /* PostsFlow.storyboard in Resources */,
				D1EFD8B22AD016DA009B0044 /* LaunchScreen.storyboard in Resources */,
				D1EFD8AF2AD016DA009B0044 /* Assets.xcassets in Resources */,
				D1163D472ADA96920038A413 /* AlbumsFlow.storyboard in Resources */,
				D19C8C632AE12D6F001701E6 /* PhotosCVCell.xib in Resources */,
				D1EFD8AD2AD016D9009B0044 /* MainFlow.storyboard in Resources */,
			);
			runOnlyForDeploymentPostprocessing = 0;
		};
/* End PBXResourcesBuildPhase section */

/* Begin PBXSourcesBuildPhase section */
		D1EFD89E2AD016D9009B0044 /* Sources */ = {
			isa = PBXSourcesBuildPhase;
			buildActionMask = 2147483647;
			files = (
				D1163D5E2ADDC5BD0038A413 /* NewUserVC.swift in Sources */,
				D10A2A852AD6D33300965394 /* ApiConstants.swift in Sources */,
				D19C8C592AE11EC0001701E6 /* AlbumModel.swift in Sources */,
				D19C8C622AE12D6F001701E6 /* PhotosCVCell.swift in Sources */,
				D1EFD8A62AD016D9009B0044 /* AppDelegate.swift in Sources */,
				D19C8C512AE10F57001701E6 /* ToDoModel.swift in Sources */,
				D1EFD8C02AD01F71009B0044 /* UserActions.swift in Sources */,
				D1163D552ADD9EE70038A413 /* NewPostVC.swift in Sources */,
				D1163D502ADBE2200038A413 /* PostModel.swift in Sources */,
				D19C8C5E2AE129A8001701E6 /* PhotosCVC.swift in Sources */,
				D19C8C4F2AE10DCF001701E6 /* ToDoListTVC.swift in Sources */,
				D1EFD8CA2AD02CA6009B0044 /* ImageVC.swift in Sources */,
				D19C8C4A2AE0FDF0001701E6 /* NewCommentVC.swift in Sources */,
				D19C8C442AE0E9FB001701E6 /* CommentModel.swift in Sources */,
				D10A2A882AD7B6AF00965394 /* UserDetailVC.swift in Sources */,
				D19C8C482AE0EA89001701E6 /* CommentsTVC.swift in Sources */,
				D1EFD8CC2AD03B00009B0044 /* ImagesURL.swift in Sources */,
				D1EFD8C22AD01FD5009B0044 /* CollectionVC.swift in Sources */,
				D1EFD8C42AD02203009B0044 /* ActionsCVCell.swift in Sources */,
				D1EFD8C62AD0264E009B0044 /* CollectionVCExt.swift in Sources */,
				D19C8C682AE142C3001701E6 /* DetailPhotoVC.swift in Sources */,
				D1163D532ADD9B540038A413 /* NetworkService.swift in Sources */,
				D19C8C532AE1155C001701E6 /* NewToDo.swift in Sources */,
				D1EFD8A82AD016D9009B0044 /* SceneDelegate.swift in Sources */,
				D10A2A832AD68F3200965394 /* UserModel.swift in Sources */,
				D19C8C572AE11E4D001701E6 /* AlbumsTVC.swift in Sources */,
				D10A2A812AD68EC400965394 /* UsersListTVC.swift in Sources */,
				D19C8C6A2AE148B8001701E6 /* NewAlbumVC.swift in Sources */,
				D19C8C5B2AE11F4D001701E6 /* PhotoModel.swift in Sources */,
				D1163D4E2ADA9A2B0038A413 /* PostsListTVC.swift in Sources */,
			);
			runOnlyForDeploymentPostprocessing = 0;
		};
/* End PBXSourcesBuildPhase section */

/* Begin PBXVariantGroup section */
		D1EFD8AB2AD016D9009B0044 /* MainFlow.storyboard */ = {
			isa = PBXVariantGroup;
			children = (
				D1EFD8AC2AD016D9009B0044 /* Base */,
			);
			name = MainFlow.storyboard;
			sourceTree = "<group>";
		};
		D1EFD8B02AD016DA009B0044 /* LaunchScreen.storyboard */ = {
			isa = PBXVariantGroup;
			children = (
				D1EFD8B12AD016DA009B0044 /* Base */,
			);
			name = LaunchScreen.storyboard;
			sourceTree = "<group>";
		};
/* End PBXVariantGroup section */

/* Begin XCBuildConfiguration section */
		D1EFD8B42AD016DA009B0044 /* Debug */ = {
			isa = XCBuildConfiguration;
			buildSettings = {
				ALWAYS_SEARCH_USER_PATHS = NO;
				CLANG_ANALYZER_NONNULL = YES;
				CLANG_ANALYZER_NUMBER_OBJECT_CONVERSION = YES_AGGRESSIVE;
				CLANG_CXX_LANGUAGE_STANDARD = "gnu++20";
				CLANG_ENABLE_MODULES = YES;
				CLANG_ENABLE_OBJC_ARC = YES;
				CLANG_ENABLE_OBJC_WEAK = YES;
				CLANG_WARN_BLOCK_CAPTURE_AUTORELEASING = YES;
				CLANG_WARN_BOOL_CONVERSION = YES;
				CLANG_WARN_COMMA = YES;
				CLANG_WARN_CONSTANT_CONVERSION = YES;
				CLANG_WARN_DEPRECATED_OBJC_IMPLEMENTATIONS = YES;
				CLANG_WARN_DIRECT_OBJC_ISA_USAGE = YES_ERROR;
				CLANG_WARN_DOCUMENTATION_COMMENTS = YES;
				CLANG_WARN_EMPTY_BODY = YES;
				CLANG_WARN_ENUM_CONVERSION = YES;
				CLANG_WARN_INFINITE_RECURSION = YES;
				CLANG_WARN_INT_CONVERSION = YES;
				CLANG_WARN_NON_LITERAL_NULL_CONVERSION = YES;
				CLANG_WARN_OBJC_IMPLICIT_RETAIN_SELF = YES;
				CLANG_WARN_OBJC_LITERAL_CONVERSION = YES;
				CLANG_WARN_OBJC_ROOT_CLASS = YES_ERROR;
				CLANG_WARN_QUOTED_INCLUDE_IN_FRAMEWORK_HEADER = YES;
				CLANG_WARN_RANGE_LOOP_ANALYSIS = YES;
				CLANG_WARN_STRICT_PROTOTYPES = YES;
				CLANG_WARN_SUSPICIOUS_MOVE = YES;
				CLANG_WARN_UNGUARDED_AVAILABILITY = YES_AGGRESSIVE;
				CLANG_WARN_UNREACHABLE_CODE = YES;
				CLANG_WARN__DUPLICATE_METHOD_MATCH = YES;
				COPY_PHASE_STRIP = NO;
				DEBUG_INFORMATION_FORMAT = dwarf;
				ENABLE_STRICT_OBJC_MSGSEND = YES;
				ENABLE_TESTABILITY = YES;
				GCC_C_LANGUAGE_STANDARD = gnu11;
				GCC_DYNAMIC_NO_PIC = NO;
				GCC_NO_COMMON_BLOCKS = YES;
				GCC_OPTIMIZATION_LEVEL = 0;
				GCC_PREPROCESSOR_DEFINITIONS = (
					"DEBUG=1",
					"$(inherited)",
				);
				GCC_WARN_64_TO_32_BIT_CONVERSION = YES;
				GCC_WARN_ABOUT_RETURN_TYPE = YES_ERROR;
				GCC_WARN_UNDECLARED_SELECTOR = YES;
				GCC_WARN_UNINITIALIZED_AUTOS = YES_AGGRESSIVE;
				GCC_WARN_UNUSED_FUNCTION = YES;
				GCC_WARN_UNUSED_VARIABLE = YES;
				IPHONEOS_DEPLOYMENT_TARGET = 16.4;
				MTL_ENABLE_DEBUG_INFO = INCLUDE_SOURCE;
				MTL_FAST_MATH = YES;
				ONLY_ACTIVE_ARCH = YES;
				SDKROOT = iphoneos;
				SWIFT_ACTIVE_COMPILATION_CONDITIONS = DEBUG;
				SWIFT_OPTIMIZATION_LEVEL = "-Onone";
			};
			name = Debug;
		};
		D1EFD8B52AD016DA009B0044 /* Release */ = {
			isa = XCBuildConfiguration;
			buildSettings = {
				ALWAYS_SEARCH_USER_PATHS = NO;
				CLANG_ANALYZER_NONNULL = YES;
				CLANG_ANALYZER_NUMBER_OBJECT_CONVERSION = YES_AGGRESSIVE;
				CLANG_CXX_LANGUAGE_STANDARD = "gnu++20";
				CLANG_ENABLE_MODULES = YES;
				CLANG_ENABLE_OBJC_ARC = YES;
				CLANG_ENABLE_OBJC_WEAK = YES;
				CLANG_WARN_BLOCK_CAPTURE_AUTORELEASING = YES;
				CLANG_WARN_BOOL_CONVERSION = YES;
				CLANG_WARN_COMMA = YES;
				CLANG_WARN_CONSTANT_CONVERSION = YES;
				CLANG_WARN_DEPRECATED_OBJC_IMPLEMENTATIONS = YES;
				CLANG_WARN_DIRECT_OBJC_ISA_USAGE = YES_ERROR;
				CLANG_WARN_DOCUMENTATION_COMMENTS = YES;
				CLANG_WARN_EMPTY_BODY = YES;
				CLANG_WARN_ENUM_CONVERSION = YES;
				CLANG_WARN_INFINITE_RECURSION = YES;
				CLANG_WARN_INT_CONVERSION = YES;
				CLANG_WARN_NON_LITERAL_NULL_CONVERSION = YES;
				CLANG_WARN_OBJC_IMPLICIT_RETAIN_SELF = YES;
				CLANG_WARN_OBJC_LITERAL_CONVERSION = YES;
				CLANG_WARN_OBJC_ROOT_CLASS = YES_ERROR;
				CLANG_WARN_QUOTED_INCLUDE_IN_FRAMEWORK_HEADER = YES;
				CLANG_WARN_RANGE_LOOP_ANALYSIS = YES;
				CLANG_WARN_STRICT_PROTOTYPES = YES;
				CLANG_WARN_SUSPICIOUS_MOVE = YES;
				CLANG_WARN_UNGUARDED_AVAILABILITY = YES_AGGRESSIVE;
				CLANG_WARN_UNREACHABLE_CODE = YES;
				CLANG_WARN__DUPLICATE_METHOD_MATCH = YES;
				COPY_PHASE_STRIP = NO;
				DEBUG_INFORMATION_FORMAT = "dwarf-with-dsym";
				ENABLE_NS_ASSERTIONS = NO;
				ENABLE_STRICT_OBJC_MSGSEND = YES;
				GCC_C_LANGUAGE_STANDARD = gnu11;
				GCC_NO_COMMON_BLOCKS = YES;
				GCC_WARN_64_TO_32_BIT_CONVERSION = YES;
				GCC_WARN_ABOUT_RETURN_TYPE = YES_ERROR;
				GCC_WARN_UNDECLARED_SELECTOR = YES;
				GCC_WARN_UNINITIALIZED_AUTOS = YES_AGGRESSIVE;
				GCC_WARN_UNUSED_FUNCTION = YES;
				GCC_WARN_UNUSED_VARIABLE = YES;
				IPHONEOS_DEPLOYMENT_TARGET = 16.4;
				MTL_ENABLE_DEBUG_INFO = NO;
				MTL_FAST_MATH = YES;
				SDKROOT = iphoneos;
				SWIFT_COMPILATION_MODE = wholemodule;
				SWIFT_OPTIMIZATION_LEVEL = "-O";
				VALIDATE_PRODUCT = YES;
			};
			name = Release;
		};
		D1EFD8B72AD016DA009B0044 /* Debug */ = {
			isa = XCBuildConfiguration;
			buildSettings = {
				ASSETCATALOG_COMPILER_APPICON_NAME = AppIcon;
				ASSETCATALOG_COMPILER_GLOBAL_ACCENT_COLOR_NAME = AccentColor;
				CODE_SIGN_STYLE = Automatic;
				CURRENT_PROJECT_VERSION = 1;
				DEVELOPMENT_TEAM = 2BFD7M72TY;
				GENERATE_INFOPLIST_FILE = YES;
				INFOPLIST_FILE = RestAPI/Info.plist;
				INFOPLIST_KEY_UIApplicationSupportsIndirectInputEvents = YES;
				INFOPLIST_KEY_UILaunchStoryboardName = LaunchScreen;
				INFOPLIST_KEY_UIMainStoryboardFile = MainFlow;
				INFOPLIST_KEY_UISupportedInterfaceOrientations_iPad = "UIInterfaceOrientationPortrait UIInterfaceOrientationPortraitUpsideDown UIInterfaceOrientationLandscapeLeft UIInterfaceOrientationLandscapeRight";
				INFOPLIST_KEY_UISupportedInterfaceOrientations_iPhone = "UIInterfaceOrientationPortrait UIInterfaceOrientationLandscapeLeft UIInterfaceOrientationLandscapeRight";
				LD_RUNPATH_SEARCH_PATHS = (
					"$(inherited)",
					"@executable_path/Frameworks",
				);
				MARKETING_VERSION = 1.0;
				PRODUCT_BUNDLE_IDENTIFIER = com.yourcompany.RestAPI;
				PRODUCT_NAME = "$(TARGET_NAME)";
				SUPPORTED_PLATFORMS = "iphoneos iphonesimulator";
				SUPPORTS_MACCATALYST = NO;
				SUPPORTS_MAC_DESIGNED_FOR_IPHONE_IPAD = NO;
				SWIFT_EMIT_LOC_STRINGS = YES;
				SWIFT_VERSION = 5.0;
				TARGETED_DEVICE_FAMILY = 1;
			};
			name = Debug;
		};
		D1EFD8B82AD016DA009B0044 /* Release */ = {
			isa = XCBuildConfiguration;
			buildSettings = {
				ASSETCATALOG_COMPILER_APPICON_NAME = AppIcon;
				ASSETCATALOG_COMPILER_GLOBAL_ACCENT_COLOR_NAME = AccentColor;
				CODE_SIGN_STYLE = Automatic;
				CURRENT_PROJECT_VERSION = 1;
				DEVELOPMENT_TEAM = 2BFD7M72TY;
				GENERATE_INFOPLIST_FILE = YES;
				INFOPLIST_FILE = RestAPI/Info.plist;
				INFOPLIST_KEY_UIApplicationSupportsIndirectInputEvents = YES;
				INFOPLIST_KEY_UILaunchStoryboardName = LaunchScreen;
				INFOPLIST_KEY_UIMainStoryboardFile = MainFlow;
				INFOPLIST_KEY_UISupportedInterfaceOrientations_iPad = "UIInterfaceOrientationPortrait UIInterfaceOrientationPortraitUpsideDown UIInterfaceOrientationLandscapeLeft UIInterfaceOrientationLandscapeRight";
				INFOPLIST_KEY_UISupportedInterfaceOrientations_iPhone = "UIInterfaceOrientationPortrait UIInterfaceOrientationLandscapeLeft UIInterfaceOrientationLandscapeRight";
				LD_RUNPATH_SEARCH_PATHS = (
					"$(inherited)",
					"@executable_path/Frameworks",
				);
				MARKETING_VERSION = 1.0;
				PRODUCT_BUNDLE_IDENTIFIER = com.yourcompany.RestAPI;
				PRODUCT_NAME = "$(TARGET_NAME)";
				SUPPORTED_PLATFORMS = "iphoneos iphonesimulator";
				SUPPORTS_MACCATALYST = NO;
				SUPPORTS_MAC_DESIGNED_FOR_IPHONE_IPAD = NO;
				SWIFT_EMIT_LOC_STRINGS = YES;
				SWIFT_VERSION = 5.0;
				TARGETED_DEVICE_FAMILY = 1;
			};
			name = Release;
		};
/* End XCBuildConfiguration section */

/* Begin XCConfigurationList section */
		D1EFD89D2AD016D9009B0044 /* Build configuration list for PBXProject "RestAPI" */ = {
			isa = XCConfigurationList;
			buildConfigurations = (
				D1EFD8B42AD016DA009B0044 /* Debug */,
				D1EFD8B52AD016DA009B0044 /* Release */,
			);
			defaultConfigurationIsVisible = 0;
			defaultConfigurationName = Release;
		};
		D1EFD8B62AD016DA009B0044 /* Build configuration list for PBXNativeTarget "RestAPI" */ = {
			isa = XCConfigurationList;
			buildConfigurations = (
				D1EFD8B72AD016DA009B0044 /* Debug */,
				D1EFD8B82AD016DA009B0044 /* Release */,
			);
			defaultConfigurationIsVisible = 0;
			defaultConfigurationName = Release;
		};
/* End XCConfigurationList section */

/* Begin XCRemoteSwiftPackageReference section */
		D1163D562ADDAE800038A413 /* XCRemoteSwiftPackageReference "SwiftyJSON" */ = {
			isa = XCRemoteSwiftPackageReference;
			repositoryURL = "https://github.com/SwiftyJSON/SwiftyJSON.git";
			requirement = {
				kind = upToNextMajorVersion;
				minimumVersion = 5.0.0;
			};
		};
		D1163D592ADDB27C0038A413 /* XCRemoteSwiftPackageReference "Alamofire" */ = {
			isa = XCRemoteSwiftPackageReference;
			repositoryURL = "https://github.com/Alamofire/Alamofire.git";
			requirement = {
				kind = upToNextMajorVersion;
				minimumVersion = 5.0.0;
			};
		};
		D19C8C642AE1321A001701E6 /* XCRemoteSwiftPackageReference "AlamofireImage" */ = {
			isa = XCRemoteSwiftPackageReference;
			repositoryURL = "https://github.com/Alamofire/AlamofireImage.git";
			requirement = {
				kind = upToNextMajorVersion;
				minimumVersion = 4.0.0;
			};
		};
/* End XCRemoteSwiftPackageReference section */

/* Begin XCSwiftPackageProductDependency section */
		D1163D572ADDAE800038A413 /* SwiftyJSON */ = {
			isa = XCSwiftPackageProductDependency;
			package = D1163D562ADDAE800038A413 /* XCRemoteSwiftPackageReference "SwiftyJSON" */;
			productName = SwiftyJSON;
		};
		D1163D5A2ADDB27C0038A413 /* Alamofire */ = {
			isa = XCSwiftPackageProductDependency;
			package = D1163D592ADDB27C0038A413 /* XCRemoteSwiftPackageReference "Alamofire" */;
			productName = Alamofire;
		};
		D19C8C652AE1321A001701E6 /* AlamofireImage */ = {
			isa = XCSwiftPackageProductDependency;
			package = D19C8C642AE1321A001701E6 /* XCRemoteSwiftPackageReference "AlamofireImage" */;
			productName = AlamofireImage;
		};
/* End XCSwiftPackageProductDependency section */
	};
	rootObject = D1EFD89A2AD016D9009B0044 /* Project object */;
}
